
Microsoft Visual Studio Solution File, Format Version 12.00
# Visual Studio Version 17
VisualStudioVersion = 17.12.35707.178 d17.12
MinimumVisualStudioVersion = 10.0.40219.1
Project("{FAE04EC0-301F-11D3-BF4B-00C04F79EFBC}") = "Calculator", "Calculator.csproj", "{670B261D-AC17-4C6E-9EDC-FCCF457CAED4}"
EndProject
Project("{2150E333-8FDC-42A3-9474-1A3956D46DE8}") = "Lection-00.1", "Lection-00.1", "{554F2D57-F330-4479-9B91-D798DAEFA000}"
EndProject
Global
	GlobalSection(SolutionConfigurationPlatforms) = preSolution
		Debug|Any CPU = Debug|Any CPU
		Release|Any CPU = Release|Any CPU
	EndGlobalSection
	GlobalSection(ProjectConfigurationPlatforms) = postSolution
		{670B261D-AC17-4C6E-9EDC-FCCF457CAED4}.Debug|Any CPU.ActiveCfg = Debug|Any CPU
		{670B261D-AC17-4C6E-9EDC-FCCF457CAED4}.Debug|Any CPU.Build.0 = Debug|Any CPU
		{670B261D-AC17-4C6E-9EDC-FCCF457CAED4}.Release|Any CPU.ActiveCfg = Release|Any CPU
		{670B261D-AC17-4C6E-9EDC-FCCF457CAED4}.Release|Any CPU.Build.0 = Release|Any CPU
	EndGlobalSection
	GlobalSection(SolutionProperties) = preSolution
		HideSolutionNode = FALSE
	EndGlobalSection
	GlobalSection(NestedProjects) = preSolution
		{670B261D-AC17-4C6E-9EDC-FCCF457CAED4} = {554F2D57-F330-4479-9B91-D798DAEFA000}
	EndGlobalSection
EndGlobal
